
Microsoft Visual Studio Solution File, Format Version 12.00
# Visual Studio Version 17
VisualStudioVersion = 17.4.33213.308
MinimumVisualStudioVersion = 10.0.40219.1
Project("{FAE04EC0-301F-11D3-BF4B-00C04F79EFBC}") = "LinkTMS.ApiGateway", "LinkTMS.ApiGateway\LinkTMS.ApiGateway.csproj", "{6F586B99-A86F-401E-BF16-5C27831A7C5D}"
EndProject
Project("{E53339B2-1760-4266-BCC7-CA923CBCF16C}") = "docker-compose", "docker-compose.dcproj", "{1FA1FD5C-399E-475D-822E-7521F11733A6}"
EndProject
Project("{2150E333-8FDC-42A3-9474-1A3956D46DE8}") = "pipeline", "pipeline", "{D4ADFEE1-7E2D-4EC5-A4C4-FA0E2444B51A}"
	ProjectSection(SolutionItems) = preProject
		dev-gateway-pipeline.yml = dev-gateway-pipeline.yml
		qa-gateway-pipeline.yml = qa-gateway-pipeline.yml
	EndProjectSection
EndProject
Global
	GlobalSection(SolutionConfigurationPlatforms) = preSolution
		Debug|Any CPU = Debug|Any CPU
		Release|Any CPU = Release|Any CPU
	EndGlobalSection
	GlobalSection(ProjectConfigurationPlatforms) = postSolution
		{6F586B99-A86F-401E-BF16-5C27831A7C5D}.Debug|Any CPU.ActiveCfg = Debug|Any CPU
		{6F586B99-A86F-401E-BF16-5C27831A7C5D}.Debug|Any CPU.Build.0 = Debug|Any CPU
		{6F586B99-A86F-401E-BF16-5C27831A7C5D}.Release|Any CPU.ActiveCfg = Release|Any CPU
		{6F586B99-A86F-401E-BF16-5C27831A7C5D}.Release|Any CPU.Build.0 = Release|Any CPU
		{1FA1FD5C-399E-475D-822E-7521F11733A6}.Debug|Any CPU.ActiveCfg = Debug|Any CPU
		{1FA1FD5C-399E-475D-822E-7521F11733A6}.Debug|Any CPU.Build.0 = Debug|Any CPU
		{1FA1FD5C-399E-475D-822E-7521F11733A6}.Release|Any CPU.ActiveCfg = Release|Any CPU
		{1FA1FD5C-399E-475D-822E-7521F11733A6}.Release|Any CPU.Build.0 = Release|Any CPU
	EndGlobalSection
	GlobalSection(SolutionProperties) = preSolution
		HideSolutionNode = FALSE
	EndGlobalSection
	GlobalSection(ExtensibilityGlobals) = postSolution
		SolutionGuid = {FAE33F93-83C4-4AAF-987F-2EC2CA024F79}
	EndGlobalSection
EndGlobal
